
Microsoft Visual Studio Solution File, Format Version 12.00
# Visual Studio 15
VisualStudioVersion = 15.0.26124.0
MinimumVisualStudioVersion = 15.0.26124.0
Project("{FAE04EC0-301F-11D3-BF4B-00C04F79EFBC}") = "MyActor.Interfaces", "MyActor.Interfaces\MyActor.Interfaces.csproj", "{20CE08DF-7384-4210-9BB5-4C582391238F}"
EndProject
Project("{FAE04EC0-301F-11D3-BF4B-00C04F79EFBC}") = "MyActorService", "MyActorService\MyActorService.csproj", "{23E78C1C-FA45-4A9B-8023-DEA9C4CA68DD}"
EndProject
Project("{FAE04EC0-301F-11D3-BF4B-00C04F79EFBC}") = "MyActorClient", "MyActorClient\MyActorClient.csproj", "{F98D08BA-607E-4DE4-B686-255C07DFB629}"
EndProject
Global
	GlobalSection(SolutionConfigurationPlatforms) = preSolution
		Debug|Any CPU = Debug|Any CPU
		Debug|x64 = Debug|x64
		Debug|x86 = Debug|x86
		Release|Any CPU = Release|Any CPU
		Release|x64 = Release|x64
		Release|x86 = Release|x86
	EndGlobalSection
	GlobalSection(SolutionProperties) = preSolution
		HideSolutionNode = FALSE
	EndGlobalSection
	GlobalSection(ProjectConfigurationPlatforms) = postSolution
		{20CE08DF-7384-4210-9BB5-4C582391238F}.Debug|Any CPU.ActiveCfg = Debug|Any CPU
		{20CE08DF-7384-4210-9BB5-4C582391238F}.Debug|Any CPU.Build.0 = Debug|Any CPU
		{20CE08DF-7384-4210-9BB5-4C582391238F}.Debug|x64.ActiveCfg = Debug|Any CPU
		{20CE08DF-7384-4210-9BB5-4C582391238F}.Debug|x64.Build.0 = Debug|Any CPU
		{20CE08DF-7384-4210-9BB5-4C582391238F}.Debug|x86.ActiveCfg = Debug|Any CPU
		{20CE08DF-7384-4210-9BB5-4C582391238F}.Debug|x86.Build.0 = Debug|Any CPU
		{20CE08DF-7384-4210-9BB5-4C582391238F}.Release|Any CPU.ActiveCfg = Release|Any CPU
		{20CE08DF-7384-4210-9BB5-4C582391238F}.Release|Any CPU.Build.0 = Release|Any CPU
		{20CE08DF-7384-4210-9BB5-4C582391238F}.Release|x64.ActiveCfg = Release|Any CPU
		{20CE08DF-7384-4210-9BB5-4C582391238F}.Release|x64.Build.0 = Release|Any CPU
		{20CE08DF-7384-4210-9BB5-4C582391238F}.Release|x86.ActiveCfg = Release|Any CPU
		{20CE08DF-7384-4210-9BB5-4C582391238F}.Release|x86.Build.0 = Release|Any CPU
		{23E78C1C-FA45-4A9B-8023-DEA9C4CA68DD}.Debug|Any CPU.ActiveCfg = Debug|Any CPU
		{23E78C1C-FA45-4A9B-8023-DEA9C4CA68DD}.Debug|Any CPU.Build.0 = Debug|Any CPU
		{23E78C1C-FA45-4A9B-8023-DEA9C4CA68DD}.Debug|x64.ActiveCfg = Debug|Any CPU
		{23E78C1C-FA45-4A9B-8023-DEA9C4CA68DD}.Debug|x64.Build.0 = Debug|Any CPU
		{23E78C1C-FA45-4A9B-8023-DEA9C4CA68DD}.Debug|x86.ActiveCfg = Debug|Any CPU
		{23E78C1C-FA45-4A9B-8023-DEA9C4CA68DD}.Debug|x86.Build.0 = Debug|Any CPU
		{23E78C1C-FA45-4A9B-8023-DEA9C4CA68DD}.Release|Any CPU.ActiveCfg = Release|Any CPU
		{23E78C1C-FA45-4A9B-8023-DEA9C4CA68DD}.Release|Any CPU.Build.0 = Release|Any CPU
		{23E78C1C-FA45-4A9B-8023-DEA9C4CA68DD}.Release|x64.ActiveCfg = Release|Any CPU
		{23E78C1C-FA45-4A9B-8023-DEA9C4CA68DD}.Release|x64.Build.0 = Release|Any CPU
		{23E78C1C-FA45-4A9B-8023-DEA9C4CA68DD}.Release|x86.ActiveCfg = Release|Any CPU
		{23E78C1C-FA45-4A9B-8023-DEA9C4CA68DD}.Release|x86.Build.0 = Release|Any CPU
		{F98D08BA-607E-4DE4-B686-255C07DFB629}.Debug|Any CPU.ActiveCfg = Debug|Any CPU
		{F98D08BA-607E-4DE4-B686-255C07DFB629}.Debug|Any CPU.Build.0 = Debug|Any CPU
		{F98D08BA-607E-4DE4-B686-255C07DFB629}.Debug|x64.ActiveCfg = Debug|Any CPU
		{F98D08BA-607E-4DE4-B686-255C07DFB629}.Debug|x64.Build.0 = Debug|Any CPU
		{F98D08BA-607E-4DE4-B686-255C07DFB629}.Debug|x86.ActiveCfg = Debug|Any CPU
		{F98D08BA-607E-4DE4-B686-255C07DFB629}.Debug|x86.Build.0 = Debug|Any CPU
		{F98D08BA-607E-4DE4-B686-255C07DFB629}.Release|Any CPU.ActiveCfg = Release|Any CPU
		{F98D08BA-607E-4DE4-B686-255C07DFB629}.Release|Any CPU.Build.0 = Release|Any CPU
		{F98D08BA-607E-4DE4-B686-255C07DFB629}.Release|x64.ActiveCfg = Release|Any CPU
		{F98D08BA-607E-4DE4-B686-255C07DFB629}.Release|x64.Build.0 = Release|Any CPU
		{F98D08BA-607E-4DE4-B686-255C07DFB629}.Release|x86.ActiveCfg = Release|Any CPU
		{F98D08BA-607E-4DE4-B686-255C07DFB629}.Release|x86.Build.0 = Release|Any CPU
	EndGlobalSection
EndGlobal
